lockfileVersion: 5.3

specifiers:
  chalk: ^4.1.0
  execa: ^6.1.0
  get-video-duration: 4.0.0
  glob: ^7.1.6

dependencies:
  chalk: registry.npmmirror.com/chalk/4.1.2
  execa: registry.npmmirror.com/execa/6.1.0
  get-video-duration: registry.npmmirror.com/get-video-duration/4.0.0
  glob: registry.npmmirror.com/glob/7.2.0

packages:

  registry.npmmirror.com/@ffprobe-installer/darwin-x64/4.1.0:
    resolution: {integrity: sha512-ESwvOnbGVGK0r7bUdThSZAYipQOH0X79M4SoNZ5Tg77lq/RVbEdpObNEM2oRfLINbMlQQrezA4VYzt0n/DOkcQ==, registry: https://registry.npm.taobao.org/, tarball: https://registry.npmmirror.com/@ffprobe-installer/darwin-x64/-/darwin-x64-4.1.0.tgz}
    name: '@ffprobe-installer/darwin-x64'
    version: 4.1.0
    cpu: [x64]
    os: [darwin]
    requiresBuild: true
    dev: false
    optional: true

  registry.npmmirror.com/@ffprobe-installer/linux-arm/4.3.2:
    resolution: {integrity: sha512-nZJbpTdh29swlgjVWi2fcV5jvbDFgo2y6a7X/uBsbely/TB158Fg0AncWJm7BbC0CwasGmSdqBsLtoSwXIcrlQ==, registry: https://registry.npm.taobao.org/, tarball: https://registry.npmmirror.com/@ffprobe-installer/linux-arm/-/linux-arm-4.3.2.tgz}
    name: '@ffprobe-installer/linux-arm'
    version: 4.3.2
    cpu: [arm]
    os: [linux]
    requiresBuild: true
    dev: false
    optional: true

  registry.npmmirror.com/@ffprobe-installer/linux-arm64/4.3.2:
    resolution: {integrity: sha512-9mCINruqx30UqB7kRvc75sj0yAPiDy21Fowow8bQDaAYAuO39MrFt/caLJrX11vCUfx2awolxKeuzTqcO9JjMQ==, registry: https://registry.npm.taobao.org/, tarball: https://registry.npmmirror.com/@ffprobe-installer/linux-arm64/-/linux-arm64-4.3.2.tgz}
    name: '@ffprobe-installer/linux-arm64'
    version: 4.3.2
    cpu: [arm64]
    os: [linux]
    requiresBuild: true
    dev: false
    optional: true

  registry.npmmirror.com/@ffprobe-installer/linux-ia32/4.1.0:
    resolution: {integrity: sha512-V2NeZpnly4HP1IU5IrsbbcRg8SWzC/SS0YDNSCjmhxGV2U8MUpW8c8KREE6nX56Dml8B8do5NNkTnaYCDPt3Xw==, registry: https://registry.npm.taobao.org/, tarball: https://registry.npmmirror.com/@ffprobe-installer/linux-ia32/-/linux-ia32-4.1.0.tgz}
    name: '@ffprobe-installer/linux-ia32'
    version: 4.1.0
    cpu: [ia32]
    os: [linux]
    requiresBuild: true
    dev: false
    optional: true

  registry.npmmirror.com/@ffprobe-installer/linux-x64/4.1.0:
    resolution: {integrity: sha512-Id+irHoI+Arq6tb3sHNQyzRrgUVVDgbmwpREDqQ+GDydiCw5ca7VnvRGXE/tBM2mVQ3/6m9wWHR7+xaW3gKJlA==, registry: https://registry.npm.taobao.org/, tarball: https://registry.npmmirror.com/@ffprobe-installer/linux-x64/-/linux-x64-4.1.0.tgz}
    name: '@ffprobe-installer/linux-x64'
    version: 4.1.0
    cpu: [x64]
    os: [linux]
    requiresBuild: true
    dev: false
    optional: true

  registry.npmmirror.com/@ffprobe-installer/win32-ia32/4.1.0:
    resolution: {integrity: sha512-G1pbRfk7XDi9EioT0gSR+O4ARdppS9kSXRzhnJOojUFD6x1k8Qv27RoOXeE5DtIE7TdX6UTywj8qA1BXI5zUUA==, registry: https://registry.npm.taobao.org/, tarball: https://registry.npmmirror.com/@ffprobe-installer/win32-ia32/-/win32-ia32-4.1.0.tgz}
    name: '@ffprobe-installer/win32-ia32'
    version: 4.1.0
    cpu: [ia32]
    os: [win32]
    requiresBuild: true
    dev: false
    optional: true

  registry.npmmirror.com/@ffprobe-installer/win32-x64/4.1.0:
    resolution: {integrity: sha512-gPW2FZxexzCAOhGch0JFkeSSln+wcL5d1JDlJwfSJVEAShHf9MmxiWq0NpHoCSzFvK5qwl0C58KG180eKvd3mA==, registry: https://registry.npm.taobao.org/, tarball: https://registry.npmmirror.com/@ffprobe-installer/win32-x64/-/win32-x64-4.1.0.tgz}
    name: '@ffprobe-installer/win32-x64'
    version: 4.1.0
    cpu: [x64]
    os: [win32]
    requiresBuild: true
    dev: false
    optional: true

  registry.npmmirror.com/ansi-styles/4.3.0:
    resolution: {integrity: sha512-zbB9rCJAT1rbjiVDb2hqKFHNYLxgtk8NURxZ3IZwD3F6NtxbXZQCnnSi1Lkx+IDohdPlFp222wVALIheZJQSEg==, registry: https://registry.npm.taobao.org/, tarball: https://registry.npmmirror.com/ansi-styles/-/ansi-styles-4.3.0.tgz}
    name: ansi-styles
    version: 4.3.0
    engines: {node: '>=8'}
    dependencies:
      color-convert: registry.npmmirror.com/color-convert/2.0.1
    dev: false

  registry.npmmirror.com/balanced-match/1.0.2:
    resolution: {integrity: sha512-3oSeUO0TMV67hN1AmbXsK4yaqU7tjiHlbxRDZOpH0KW9+CeX4bRAaX0Anxt0tx2MrpRpWwQaPwIlISEJhYU5Pw==, registry: https://registry.npm.taobao.org/, tarball: https://registry.npmmirror.com/balanced-match/-/balanced-match-1.0.2.tgz}
    name: balanced-match
    version: 1.0.2
    dev: false

  registry.npmmirror.com/brace-expansion/1.1.11:
    resolution: {integrity: sha512-iCuPHDFgrHX7H2vEI/5xpz07zSHB00TpugqhmYtVmMO6518mCuRMoOYFldEBl0g187ufozdaHgWKcYFb61qGiA==, registry: https://registry.npm.taobao.org/, tarball: https://registry.npmmirror.com/brace-expansion/-/brace-expansion-1.1.11.tgz}
    name: brace-expansion
    version: 1.1.11
    dependencies:
      balanced-match: registry.npmmirror.com/balanced-match/1.0.2
      concat-map: registry.npmmirror.com/concat-map/0.0.1
    dev: false

  registry.npmmirror.com/chalk/4.1.2:
    resolution: {integrity: sha512-oKnbhFyRIXpUuez8iBMmyEa4nbj4IOQyuhc/wy9kY7/WVPcwIO9VA668Pu8RkO7+0G76SLROeyw9CpQ061i4mA==, registry: https://registry.npm.taobao.org/, tarball: https://registry.npmmirror.com/chalk/-/chalk-4.1.2.tgz}
    name: chalk
    version: 4.1.2
    engines: {node: '>=10'}
    dependencies:
      ansi-styles: registry.npmmirror.com/ansi-styles/4.3.0
      supports-color: registry.npmmirror.com/supports-color/7.2.0
    dev: false

  registry.npmmirror.com/color-convert/2.0.1:
    resolution: {integrity: sha512-RRECPsj7iu/xb5oKYcsFHSppFNnsj/52OVTRKb4zP5onXwVF3zVmmToNcOfGC+CRDpfK/U584fMg38ZHCaElKQ==, registry: https://registry.npm.taobao.org/, tarball: https://registry.npmmirror.com/color-convert/-/color-convert-2.0.1.tgz}
    name: color-convert
    version: 2.0.1
    engines: {node: '>=7.0.0'}
    dependencies:
      color-name: registry.npmmirror.com/color-name/1.1.4
    dev: false

  registry.npmmirror.com/color-name/1.1.4:
    resolution: {integrity: sha512-dOy+3AuW3a2wNbZHIuMZpTcgjGuLU/uBL/ubcZF9OXbDo8ff4O8yVp5Bf0efS8uEoYo5q4Fx7dY9OgQGXgAsQA==, registry: https://registry.npm.taobao.org/, tarball: https://registry.npmmirror.com/color-name/-/color-name-1.1.4.tgz}
    name: color-name
    version: 1.1.4
    dev: false

  registry.npmmirror.com/concat-map/0.0.1:
    resolution: {integrity: sha512-/Srv4dswyQNBfohGpz9o6Yb3Gz3SrUDqBH5rTuhGR7ahtlbYKnVxw2bCFMRljaA7EXHaXZ8wsHdodFvbkhKmqg==, registry: https://registry.npm.taobao.org/, tarball: https://registry.npmmirror.com/concat-map/-/concat-map-0.0.1.tgz}
    name: concat-map
    version: 0.0.1
    dev: false

  registry.npmmirror.com/cross-spawn/7.0.3:
    resolution: {integrity: sha512-iRDPJKUPVEND7dHPO8rkbOnPpyDygcDFtWjpeWNCgy8WP2rXcxXL8TskReQl6OrB2G7+UJrags1q15Fudc7G6w==, registry: https://registry.npm.taobao.org/, tarball: https://registry.npmmirror.com/cross-spawn/-/cross-spawn-7.0.3.tgz}
    name: cross-spawn
    version: 7.0.3
    engines: {node: '>= 8'}
    dependencies:
      path-key: registry.npmmirror.com/path-key/3.1.1
      shebang-command: registry.npmmirror.com/shebang-command/2.0.0
      which: registry.npmmirror.com/which/2.0.2
    dev: false

  registry.npmmirror.com/execa/5.1.1:
    resolution: {integrity: sha512-8uSpZZocAZRBAPIEINJj3Lo9HyGitllczc27Eh5YYojjMFMn8yHMDMaUHE2Jqfq05D/wucwI4JGURyXt1vchyg==, registry: https://registry.npm.taobao.org/, tarball: https://registry.npmmirror.com/execa/-/execa-5.1.1.tgz}
    name: execa
    version: 5.1.1
    engines: {node: '>=10'}
    dependencies:
      cross-spawn: registry.npmmirror.com/cross-spawn/7.0.3
      get-stream: registry.npmmirror.com/get-stream/6.0.1
      human-signals: registry.npmmirror.com/human-signals/2.1.0
      is-stream: registry.npmmirror.com/is-stream/2.0.1
      merge-stream: registry.npmmirror.com/merge-stream/2.0.0
      npm-run-path: registry.npmmirror.com/npm-run-path/4.0.1
      onetime: registry.npmmirror.com/onetime/5.1.2
      signal-exit: registry.npmmirror.com/signal-exit/3.0.7
      strip-final-newline: registry.npmmirror.com/strip-final-newline/2.0.0
    dev: false

  registry.npmmirror.com/execa/6.1.0:
    resolution: {integrity: sha512-QVWlX2e50heYJcCPG0iWtf8r0xjEYfz/OYLGDYH+IyjWezzPNxz63qNFOu0l4YftGWuizFVZHHs8PrLU5p2IDA==, registry: https://registry.npm.taobao.org/, tarball: https://registry.npmmirror.com/execa/-/execa-6.1.0.tgz}
    name: execa
    version: 6.1.0
    engines: {node: ^12.20.0 || ^14.13.1 || >=16.0.0}
    dependencies:
      cross-spawn: registry.npmmirror.com/cross-spawn/7.0.3
      get-stream: registry.npmmirror.com/get-stream/6.0.1
      human-signals: registry.npmmirror.com/human-signals/3.0.1
      is-stream: registry.npmmirror.com/is-stream/3.0.0
      merge-stream: registry.npmmirror.com/merge-stream/2.0.0
      npm-run-path: registry.npmmirror.com/npm-run-path/5.1.0
      onetime: registry.npmmirror.com/onetime/6.0.0
      signal-exit: registry.npmmirror.com/signal-exit/3.0.7
      strip-final-newline: registry.npmmirror.com/strip-final-newline/3.0.0
    dev: false

  registry.npmmirror.com/ffprobe-darwin-arm64/4.4.0:
    resolution: {integrity: sha512-09CDeZ5ej885k7aDw5c597sAufjmVwWKCuBskgAk+EqFJBWi9zrPDExFxjgSe4PNUlTNtFvm/jEEJH13rXAj5w==, registry: https://registry.npm.taobao.org/, tarball: https://registry.npmmirror.com/ffprobe-darwin-arm64/-/ffprobe-darwin-arm64-4.4.0.tgz}
    name: ffprobe-darwin-arm64
    version: 4.4.0
    cpu: [arm64]
    os: [darwin]
    requiresBuild: true
    dev: false
    optional: true

  registry.npmmirror.com/fs.realpath/1.0.0:
    resolution: {integrity: sha512-OO0pH2lK6a0hZnAdau5ItzHPI6pUlvI7jMVnxUQRtw4owF2wk8lOSabtGDCTP4Ggrg2MbGnWO9X8K1t4+fGMDw==, registry: https://registry.npm.taobao.org/, tarball: https://registry.npmmirror.com/fs.realpath/-/fs.realpath-1.0.0.tgz}
    name: fs.realpath
    version: 1.0.0
    dev: false

  registry.npmmirror.com/get-stream/6.0.1:
    resolution: {integrity: sha512-ts6Wi+2j3jQjqi70w5AlN8DFnkSwC+MqmxEzdEALB2qXZYV3X/b1CTfgPLGJNMeAWxdPfU8FO1ms3NUfaHCPYg==, registry: https://registry.npm.taobao.org/, tarball: https://registry.npmmirror.com/get-stream/-/get-stream-6.0.1.tgz}
    name: get-stream
    version: 6.0.1
    engines: {node: '>=10'}
    dev: false

  registry.npmmirror.com/get-video-duration/4.0.0:
    resolution: {integrity: sha512-FbWAsGg+iuHdIOiU5lGm/zQfGZgCoK2lzSWQczYfLTbOTQ1f8F2CjtjjDK0RorLfC5ndFNOO83Z+VJhalKPo9A==, registry: https://registry.npm.taobao.org/, tarball: https://registry.npmmirror.com/get-video-duration/-/get-video-duration-4.0.0.tgz}
    name: get-video-duration
    version: 4.0.0
    dependencies:
      execa: registry.npmmirror.com/execa/5.1.1
      is-stream: registry.npmmirror.com/is-stream/2.0.1
      node-ffprobe-installer: registry.npmmirror.com/node-ffprobe-installer/1.2.3
    dev: false

  registry.npmmirror.com/glob/7.2.0:
    resolution: {integrity: sha512-lmLf6gtyrPq8tTjSmrO94wBeQbFR3HbLHbuyD69wuyQkImp2hWqMGB47OX65FBkPffO641IP9jWa1z4ivqG26Q==, registry: https://registry.npm.taobao.org/, tarball: https://registry.npmmirror.com/glob/-/glob-7.2.0.tgz}
    name: glob
    version: 7.2.0
    dependencies:
      fs.realpath: registry.npmmirror.com/fs.realpath/1.0.0
      inflight: registry.npmmirror.com/inflight/1.0.6
      inherits: registry.npmmirror.com/inherits/2.0.4
      minimatch: registry.npmmirror.com/minimatch/3.1.2
      once: registry.npmmirror.com/once/1.4.0
      path-is-absolute: registry.npmmirror.com/path-is-absolute/1.0.1
    dev: false

  registry.npmmirror.com/has-flag/4.0.0:
    resolution: {integrity: sha512-EykJT/Q1KjTWctppgIAgfSO0tKVuZUjhgMr17kqTumMl6Afv3EISleU7qZUzoXDFTAHTDC4NOoG/ZxU3EvlMPQ==, registry: https://registry.npm.taobao.org/, tarball: https://registry.npmmirror.com/has-flag/-/has-flag-4.0.0.tgz}
    name: has-flag
    version: 4.0.0
    engines: {node: '>=8'}
    dev: false

  registry.npmmirror.com/human-signals/2.1.0:
    resolution: {integrity: sha512-B4FFZ6q/T2jhhksgkbEW3HBvWIfDW85snkQgawt07S7J5QXTk6BkNV+0yAeZrM5QpMAdYlocGoljn0sJ/WQkFw==, registry: https://registry.npm.taobao.org/, tarball: https://registry.npmmirror.com/human-signals/-/human-signals-2.1.0.tgz}
    name: human-signals
    version: 2.1.0
    engines: {node: '>=10.17.0'}
    dev: false

  registry.npmmirror.com/human-signals/3.0.1:
    resolution: {integrity: sha512-rQLskxnM/5OCldHo+wNXbpVgDn5A17CUoKX+7Sokwaknlq7CdSnphy0W39GU8dw59XiCXmFXDg4fRuckQRKewQ==, registry: https://registry.npm.taobao.org/, tarball: https://registry.npmmirror.com/human-signals/-/human-signals-3.0.1.tgz}
    name: human-signals
    version: 3.0.1
    engines: {node: '>=12.20.0'}
    dev: false

  registry.npmmirror.com/inflight/1.0.6:
    resolution: {integrity: sha512-k92I/b08q4wvFscXCLvqfsHCrjrF7yiXsQuIVvVE7N82W3+aqpzuUdBbfhWcy/FZR3/4IgflMgKLOsvPDrGCJA==, registry: https://registry.npm.taobao.org/, tarball: https://registry.npmmirror.com/inflight/-/inflight-1.0.6.tgz}
    name: inflight
    version: 1.0.6
    dependencies:
      once: registry.npmmirror.com/once/1.4.0
      wrappy: registry.npmmirror.com/wrappy/1.0.2
    dev: false

  registry.npmmirror.com/inherits/2.0.4:
    resolution: {integrity: sha512-k/vGaX4/Yla3WzyMCvTQOXYeIHvqOKtnqBduzTHpzpQZzAskKMhZ2K+EnBiSM9zGSoIFeMpXKxa4dYeZIQqewQ==, registry: https://registry.npm.taobao.org/, tarball: https://registry.npmmirror.com/inherits/-/inherits-2.0.4.tgz}
    name: inherits
    version: 2.0.4
    dev: false

  registry.npmmirror.com/is-stream/2.0.1:
    resolution: {integrity: sha512-hFoiJiTl63nn+kstHGBtewWSKnQLpyb155KHheA1l39uvtO9nWIop1p3udqPcUd/xbF1VLMO4n7OI6p7RbngDg==, registry: https://registry.npm.taobao.org/, tarball: https://registry.npmmirror.com/is-stream/-/is-stream-2.0.1.tgz}
    name: is-stream
    version: 2.0.1
    engines: {node: '>=8'}
    dev: false

  registry.npmmirror.com/is-stream/3.0.0:
    resolution: {integrity: sha512-LnQR4bZ9IADDRSkvpqMGvt/tEJWclzklNgSw48V5EAaAeDd6qGvN8ei6k5p0tvxSR171VmGyHuTiAOfxAbr8kA==, registry: https://registry.npm.taobao.org/, tarball: https://registry.npmmirror.com/is-stream/-/is-stream-3.0.0.tgz}
    name: is-stream
    version: 3.0.0
    engines: {node: ^12.20.0 || ^14.13.1 || >=16.0.0}
    dev: false

  registry.npmmirror.com/isexe/2.0.0:
    resolution: {integrity: sha512-RHxMLp9lnKHGHRng9QFhRCMbYAcVpn69smSGcq3f36xjgVVWThj4qqLbTLlq7Ssj8B+fIQ1EuCEGI2lKsyQeIw==, registry: https://registry.npm.taobao.org/, tarball: https://registry.npmmirror.com/isexe/-/isexe-2.0.0.tgz}
    name: isexe
    version: 2.0.0
    dev: false

  registry.npmmirror.com/merge-stream/2.0.0:
    resolution: {integrity: sha512-abv/qOcuPfk3URPfDzmZU1LKmuw8kT+0nIHvKrKgFrwifol/doWcdA4ZqsWQ8ENrFKkd67Mfpo/LovbIUsbt3w==, registry: https://registry.npm.taobao.org/, tarball: https://registry.npmmirror.com/merge-stream/-/merge-stream-2.0.0.tgz}
    name: merge-stream
    version: 2.0.0
    dev: false

  registry.npmmirror.com/mimic-fn/2.1.0:
    resolution: {integrity: sha512-OqbOk5oEQeAZ8WXWydlu9HJjz9WVdEIvamMCcXmuqUYjTknH/sqsWvhQ3vgwKFRR1HpjvNBKQ37nbJgYzGqGcg==, registry: https://registry.npm.taobao.org/, tarball: https://registry.npmmirror.com/mimic-fn/-/mimic-fn-2.1.0.tgz}
    name: mimic-fn
    version: 2.1.0
    engines: {node: '>=6'}
    dev: false

  registry.npmmirror.com/mimic-fn/4.0.0:
    resolution: {integrity: sha512-vqiC06CuhBTUdZH+RYl8sFrL096vA45Ok5ISO6sE/Mr1jRbGH4Csnhi8f3wKVl7x8mO4Au7Ir9D3Oyv1VYMFJw==, registry: https://registry.npm.taobao.org/, tarball: https://registry.npmmirror.com/mimic-fn/-/mimic-fn-4.0.0.tgz}
    name: mimic-fn
    version: 4.0.0
    engines: {node: '>=12'}
    dev: false

  registry.npmmirror.com/minimatch/3.1.2:
    resolution: {integrity: sha512-J7p63hRiAjw1NDEww1W7i37+ByIrOWO5XQQAzZ3VOcL0PNybwpfmV/N05zFAzwQ9USyEcX6t3UO+K5aqBQOIHw==, registry: https://registry.npm.taobao.org/, tarball: https://registry.npmmirror.com/minimatch/-/minimatch-3.1.2.tgz}
    name: minimatch
    version: 3.1.2
    dependencies:
      brace-expansion: registry.npmmirror.com/brace-expansion/1.1.11
    dev: false

  registry.npmmirror.com/node-ffprobe-installer/1.2.3:
    resolution: {integrity: sha512-g4KN1Z1wX6vL5yEPXcMzkg2huj42pqynWU7wyHAhP5axe+djYReUaa2aFtDkybqqXV729F+8OUGJbKwChkLefw==, registry: https://registry.npm.taobao.org/, tarball: https://registry.npmmirror.com/node-ffprobe-installer/-/node-ffprobe-installer-1.2.3.tgz}
    name: node-ffprobe-installer
    version: 1.2.3
    optionalDependencies:
      '@ffprobe-installer/darwin-x64': registry.npmmirror.com/@ffprobe-installer/darwin-x64/4.1.0
      '@ffprobe-installer/linux-arm': registry.npmmirror.com/@ffprobe-installer/linux-arm/4.3.2
      '@ffprobe-installer/linux-arm64': registry.npmmirror.com/@ffprobe-installer/linux-arm64/4.3.2
      '@ffprobe-installer/linux-ia32': registry.npmmirror.com/@ffprobe-installer/linux-ia32/4.1.0
      '@ffprobe-installer/linux-x64': registry.npmmirror.com/@ffprobe-installer/linux-x64/4.1.0
      '@ffprobe-installer/win32-ia32': registry.npmmirror.com/@ffprobe-installer/win32-ia32/4.1.0
      '@ffprobe-installer/win32-x64': registry.npmmirror.com/@ffprobe-installer/win32-x64/4.1.0
      ffprobe-darwin-arm64: registry.npmmirror.com/ffprobe-darwin-arm64/4.4.0
    dev: false

  registry.npmmirror.com/npm-run-path/4.0.1:
    resolution: {integrity: sha512-S48WzZW777zhNIrn7gxOlISNAqi9ZC/uQFnRdbeIHhZhCA6UqpkOT8T1G7BvfdgP4Er8gF4sUbaS0i7QvIfCWw==, registry: https://registry.npm.taobao.org/, tarball: https://registry.npmmirror.com/npm-run-path/-/npm-run-path-4.0.1.tgz}
    name: npm-run-path
    version: 4.0.1
    engines: {node: '>=8'}
    dependencies:
      path-key: registry.npmmirror.com/path-key/3.1.1
    dev: false

  registry.npmmirror.com/npm-run-path/5.1.0:
    resolution: {integrity: sha512-sJOdmRGrY2sjNTRMbSvluQqg+8X7ZK61yvzBEIDhz4f8z1TZFYABsqjjCBd/0PUNE9M6QDgHJXQkGUEm7Q+l9Q==, registry: https://registry.npm.taobao.org/, tarball: https://registry.npmmirror.com/npm-run-path/-/npm-run-path-5.1.0.tgz}
    name: npm-run-path
    version: 5.1.0
    engines: {node: ^12.20.0 || ^14.13.1 || >=16.0.0}
    dependencies:
      path-key: registry.npmmirror.com/path-key/4.0.0
    dev: false

  registry.npmmirror.com/once/1.4.0:
    resolution: {integrity: sha512-lNaJgI+2Q5URQBkccEKHTQOPaXdUxnZZElQTZY0MFUAuaEqe1E+Nyvgdz/aIyNi6Z9MzO5dv1H8n58/GELp3+w==, registry: https://registry.npm.taobao.org/, tarball: https://registry.npmmirror.com/once/-/once-1.4.0.tgz}
    name: once
    version: 1.4.0
    dependencies:
      wrappy: registry.npmmirror.com/wrappy/1.0.2
    dev: false

  registry.npmmirror.com/onetime/5.1.2:
    resolution: {integrity: sha512-kbpaSSGJTWdAY5KPVeMOKXSrPtr8C8C7wodJbcsd51jRnmD+GZu8Y0VoU6Dm5Z4vWr0Ig/1NKuWRKf7j5aaYSg==, registry: https://registry.npm.taobao.org/, tarball: https://registry.npmmirror.com/onetime/-/onetime-5.1.2.tgz}
    name: onetime
    version: 5.1.2
    engines: {node: '>=6'}
    dependencies:
      mimic-fn: registry.npmmirror.com/mimic-fn/2.1.0
    dev: false

  registry.npmmirror.com/onetime/6.0.0:
    resolution: {integrity: sha512-1FlR+gjXK7X+AsAHso35MnyN5KqGwJRi/31ft6x0M194ht7S+rWAvd7PHss9xSKMzE0asv1pyIHaJYq+BbacAQ==, registry: https://registry.npm.taobao.org/, tarball: https://registry.npmmirror.com/onetime/-/onetime-6.0.0.tgz}
    name: onetime
    version: 6.0.0
    engines: {node: '>=12'}
    dependencies:
      mimic-fn: registry.npmmirror.com/mimic-fn/4.0.0
    dev: false

  registry.npmmirror.com/path-is-absolute/1.0.1:
    resolution: {integrity: sha512-AVbw3UJ2e9bq64vSaS9Am0fje1Pa8pbGqTTsmXfaIiMpnr5DlDhfJOuLj9Sf95ZPVDAUerDfEk88MPmPe7UCQg==, registry: https://registry.npm.taobao.org/, tarball: https://registry.npmmirror.com/path-is-absolute/-/path-is-absolute-1.0.1.tgz}
    name: path-is-absolute
    version: 1.0.1
    engines: {node: '>=0.10.0'}
    dev: false

  registry.npmmirror.com/path-key/3.1.1:
    resolution: {integrity: sha512-ojmeN0qd+y0jszEtoY48r0Peq5dwMEkIlCOu6Q5f41lfkswXuKtYrhgoTpLnyIcHm24Uhqx+5Tqm2InSwLhE6Q==, registry: https://registry.npm.taobao.org/, tarball: https://registry.npmmirror.com/path-key/-/path-key-3.1.1.tgz}
    name: path-key
    version: 3.1.1
    engines: {node: '>=8'}
    dev: false

  registry.npmmirror.com/path-key/4.0.0:
    resolution: {integrity: sha512-haREypq7xkM7ErfgIyA0z+Bj4AGKlMSdlQE2jvJo6huWD1EdkKYV+G/T4nq0YEF2vgTT8kqMFKo1uHn950r4SQ==, registry: https://registry.npm.taobao.org/, tarball: https://registry.npmmirror.com/path-key/-/path-key-4.0.0.tgz}
    name: path-key
    version: 4.0.0
    engines: {node: '>=12'}
    dev: false

  registry.npmmirror.com/shebang-command/2.0.0:
    resolution: {integrity: sha512-kHxr2zZpYtdmrN1qDjrrX/Z1rR1kG8Dx+gkpK1G4eXmvXswmcE1hTWBWYUzlraYw1/yZp6YuDY77YtvbN0dmDA==, registry: https://registry.npm.taobao.org/, tarball: https://registry.npmmirror.com/shebang-command/-/shebang-command-2.0.0.tgz}
    name: shebang-command
    version: 2.0.0
    engines: {node: '>=8'}
    dependencies:
      shebang-regex: registry.npmmirror.com/shebang-regex/3.0.0
    dev: false

  registry.npmmirror.com/shebang-regex/3.0.0:
    resolution: {integrity: sha512-7++dFhtcx3353uBaq8DDR4NuxBetBzC7ZQOhmTQInHEd6bSrXdiEyzCvG07Z44UYdLShWUyXt5M/yhz8ekcb1A==, registry: https://registry.npm.taobao.org/, tarball: https://registry.npmmirror.com/shebang-regex/-/shebang-regex-3.0.0.tgz}
    name: shebang-regex
    version: 3.0.0
    engines: {node: '>=8'}
    dev: false

  registry.npmmirror.com/signal-exit/3.0.7:
    resolution: {integrity: sha512-wnD2ZE+l+SPC/uoS0vXeE9L1+0wuaMqKlfz9AMUo38JsyLSBWSFcHR1Rri62LZc12vLr1gb3jl7iwQhgwpAbGQ==, registry: https://registry.npm.taobao.org/, tarball: https://registry.npmmirror.com/signal-exit/-/signal-exit-3.0.7.tgz}
    name: signal-exit
    version: 3.0.7
    dev: false

  registry.npmmirror.com/strip-final-newline/2.0.0:
    resolution: {integrity: sha512-BrpvfNAE3dcvq7ll3xVumzjKjZQ5tI1sEUIKr3Uoks0XUl45St3FlatVqef9prk4jRDzhW6WZg+3bk93y6pLjA==, registry: https://registry.npm.taobao.org/, tarball: https://registry.npmmirror.com/strip-final-newline/-/strip-final-newline-2.0.0.tgz}
    name: strip-final-newline
    version: 2.0.0
    engines: {node: '>=6'}
    dev: false

  registry.npmmirror.com/strip-final-newline/3.0.0:
    resolution: {integrity: sha512-dOESqjYr96iWYylGObzd39EuNTa5VJxyvVAEm5Jnh7KGo75V43Hk1odPQkNDyXNmUR6k+gEiDVXnjB8HJ3crXw==, registry: https://registry.npm.taobao.org/, tarball: https://registry.npmmirror.com/strip-final-newline/-/strip-final-newline-3.0.0.tgz}
    name: strip-final-newline
    version: 3.0.0
    engines: {node: '>=12'}
    dev: false

  registry.npmmirror.com/supports-color/7.2.0:
    resolution: {integrity: sha512-qpCAvRl9stuOHveKsn7HncJRvv501qIacKzQlO/+Lwxc9+0q2wLyv4Dfvt80/DPn2pqOBsJdDiogXGR9+OvwRw==, registry: https://registry.npm.taobao.org/, tarball: https://registry.npmmirror.com/supports-color/-/supports-color-7.2.0.tgz}
    name: supports-color
    version: 7.2.0
    engines: {node: '>=8'}
    dependencies:
      has-flag: registry.npmmirror.com/has-flag/4.0.0
    dev: false

  registry.npmmirror.com/which/2.0.2:
    resolution: {integrity: sha512-BLI3Tl1TW3Pvl70l3yq3Y64i+awpwXqsGBYWkkqMtnbXgrMD+yj7rhW0kuEDxzJaYXGjEW5ogapKNMEKNMjibA==, registry: https://registry.npm.taobao.org/, tarball: https://registry.npmmirror.com/which/-/which-2.0.2.tgz}
    name: which
    version: 2.0.2
    engines: {node: '>= 8'}
    hasBin: true
    dependencies:
      isexe: registry.npmmirror.com/isexe/2.0.0
    dev: false

  registry.npmmirror.com/wrappy/1.0.2:
    resolution: {integrity: sha512-l4Sp/DRseor9wL6EvV2+TuQn63dMkPjZ/sp9XkghTEbV9KlPS1xUsZ3u7/IQO4wxtcFB4bgpQPRcR3QCvezPcQ==, registry: https://registry.npm.taobao.org/, tarball: https://registry.npmmirror.com/wrappy/-/wrappy-1.0.2.tgz}
    name: wrappy
    version: 1.0.2
    dev: false
